// !$*UTF8*$!
{
	archiveVersion = 1;
	classes = {
	};
	objectVersion = 51;
	objects = {

/* Begin PBXBuildFile section */
		8B1FF320240A5C4D00848063 /* AppDelegate.swift in Sources */ = {isa = PBXBuildFile; fileRef = 8B1FF31F240A5C4D00848063 /* AppDelegate.swift */; };
		8B1FF322240A5C4D00848063 /* SceneDelegate.swift in Sources */ = {isa = PBXBuildFile; fileRef = 8B1FF321240A5C4D00848063 /* SceneDelegate.swift */; };
		8B1FF324240A5C4D00848063 /* HomeViewController.swift in Sources */ = {isa = PBXBuildFile; fileRef = 8B1FF323240A5C4D00848063 /* HomeViewController.swift */; };
		8B1FF327240A5C4D00848063 /* Main.storyboard in Resources */ = {isa = PBXBuildFile; fileRef = 8B1FF325240A5C4D00848063 /* Main.storyboard */; };
		8B1FF329240A5C4F00848063 /* Assets.xcassets in Resources */ = {isa = PBXBuildFile; fileRef = 8B1FF328240A5C4F00848063 /* Assets.xcassets */; };
		8B1FF32C240A5C4F00848063 /* LaunchScreen.storyboard in Resources */ = {isa = PBXBuildFile; fileRef = 8B1FF32A240A5C4F00848063 /* LaunchScreen.storyboard */; };
		8B1FF337240A5C4F00848063 /* NewsAppTests.swift in Sources */ = {isa = PBXBuildFile; fileRef = 8B1FF336240A5C4F00848063 /* NewsAppTests.swift */; };
		8B1FF34A240A6BD200848063 /* Reachability.swift in Sources */ = {isa = PBXBuildFile; fileRef = 8B1FF349240A6BD200848063 /* Reachability.swift */; };
		8B1FF34C240A6CE500848063 /* HomeViewController + TableView.swift in Sources */ = {isa = PBXBuildFile; fileRef = 8B1FF34B240A6CE500848063 /* HomeViewController + TableView.swift */; };
		8B1FF34E240A6D2A00848063 /* ArticleDetailViewController.swift in Sources */ = {isa = PBXBuildFile; fileRef = 8B1FF34D240A6D2A00848063 /* ArticleDetailViewController.swift */; };
		8B1FF351240A6E1500848063 /* ServiceApi.swift in Sources */ = {isa = PBXBuildFile; fileRef = 8B1FF350240A6E1500848063 /* ServiceApi.swift */; };
		8B1FF354240A6EF800848063 /* ArticleTableViewCell.xib in Resources */ = {isa = PBXBuildFile; fileRef = 8B1FF353240A6EF800848063 /* ArticleTableViewCell.xib */; };
		8B1FF356240A6F0B00848063 /* ArticleTableViewCell.swift in Sources */ = {isa = PBXBuildFile; fileRef = 8B1FF355240A6F0B00848063 /* ArticleTableViewCell.swift */; };
		8B1FF358240A6F5800848063 /* UIView + Extension.swift in Sources */ = {isa = PBXBuildFile; fileRef = 8B1FF357240A6F5800848063 /* UIView + Extension.swift */; };
		8B1FF35A240A6FD500848063 /* NYArticleModel.swift in Sources */ = {isa = PBXBuildFile; fileRef = 8B1FF359240A6FD500848063 /* NYArticleModel.swift */; };
		8B1FF35D240A705E00848063 /* NetworkManager.swift in Sources */ = {isa = PBXBuildFile; fileRef = 8B1FF35C240A705E00848063 /* NetworkManager.swift */; };
		8B1FF35F240A71A000848063 /* ArticleModelView.swift in Sources */ = {isa = PBXBuildFile; fileRef = 8B1FF35E240A71A000848063 /* ArticleModelView.swift */; };
		8B1FF361240A71C900848063 /* HomeModelView.swift in Sources */ = {isa = PBXBuildFile; fileRef = 8B1FF360240A71C900848063 /* HomeModelView.swift */; };
		8B1FF363240A751A00848063 /* ProgressHud.swift in Sources */ = {isa = PBXBuildFile; fileRef = 8B1FF362240A751A00848063 /* ProgressHud.swift */; };
		8B1FF36F240AEE0E00848063 /* Articles.json in Resources */ = {isa = PBXBuildFile; fileRef = 8B1FF36E240AEE0E00848063 /* Articles.json */; };
		8B1FF373240B58C000848063 /* Article.json in Resources */ = {isa = PBXBuildFile; fileRef = 8B1FF372240B58C000848063 /* Article.json */; };
		8B1FF375240B593500848063 /* HomeModelViewTest.swift in Sources */ = {isa = PBXBuildFile; fileRef = 8B1FF374240B593500848063 /* HomeModelViewTest.swift */; };
		8B1FF377240B5A5600848063 /* ArticleModelViewTest.swift in Sources */ = {isa = PBXBuildFile; fileRef = 8B1FF376240B5A5600848063 /* ArticleModelViewTest.swift */; };
		8B1FF379240B70BE00848063 /* HomeViewControllerTest.swift in Sources */ = {isa = PBXBuildFile; fileRef = 8B1FF378240B70BE00848063 /* HomeViewControllerTest.swift */; };
		8B1FF37B240B86DB00848063 /* ArticleDetailViewCntrTest.swift in Sources */ = {isa = PBXBuildFile; fileRef = 8B1FF37A240B86DA00848063 /* ArticleDetailViewCntrTest.swift */; };
		8C9340AFD3B6822951BDF46F /* Pods_NewsAppTests.framework in Frameworks */ = {isa = PBXBuildFile; fileRef = 6226AD106AD2D09393BCEF14 /* Pods_NewsAppTests.framework */; };
		FA93BBBFFBE643DA5EC6E2FF /* Pods_NewsApp.framework in Frameworks */ = {isa = PBXBuildFile; fileRef = 37917E35662DDCDC8DBFD13E /* Pods_NewsApp.framework */; };
/* End PBXBuildFile section */

/* Begin PBXContainerItemProxy section */
		8B1FF333240A5C4F00848063 /* PBXContainerItemProxy */ = {
			isa = PBXContainerItemProxy;
			containerPortal = 8B1FF314240A5C4D00848063 /* Project object */;
			proxyType = 1;
			remoteGlobalIDString = 8B1FF31B240A5C4D00848063;
			remoteInfo = NewsApp;
		};
/* End PBXContainerItemProxy section */

/* Begin PBXFileReference section */
		00FD2CFFAB440AA588C72CF7 /* Pods-NewsAppTests.release.xcconfig */ = {isa = PBXFileReference; includeInIndex = 1; lastKnownFileType = text.xcconfig; name = "Pods-NewsAppTests.release.xcconfig"; path = "Target Support Files/Pods-NewsAppTests/Pods-NewsAppTests.release.xcconfig"; sourceTree = "<group>"; };
		37917E35662DDCDC8DBFD13E /* Pods_NewsApp.framework */ = {isa = PBXFileReference; explicitFileType = wrapper.framework; includeInIndex = 0; path = Pods_NewsApp.framework; sourceTree = BUILT_PRODUCTS_DIR; };
		6226AD106AD2D09393BCEF14 /* Pods_NewsAppTests.framework */ = {isa = PBXFileReference; explicitFileType = wrapper.framework; includeInIndex = 0; path = Pods_NewsAppTests.framework; sourceTree = BUILT_PRODUCTS_DIR; };
		880C5681ED55D875A1300148 /* Pods-NewsApp.debug.xcconfig */ = {isa = PBXFileReference; includeInIndex = 1; lastKnownFileType = text.xcconfig; name = "Pods-NewsApp.debug.xcconfig"; path = "Target Support Files/Pods-NewsApp/Pods-NewsApp.debug.xcconfig"; sourceTree = "<group>"; };
		8B1FF31C240A5C4D00848063 /* NewsApp.app */ = {isa = PBXFileReference; explicitFileType = wrapper.application; includeInIndex = 0; path = NewsApp.app; sourceTree = BUILT_PRODUCTS_DIR; };
		8B1FF31F240A5C4D00848063 /* AppDelegate.swift */ = {isa = PBXFileReference; lastKnownFileType = sourcecode.swift; path = AppDelegate.swift; sourceTree = "<group>"; };
		8B1FF321240A5C4D00848063 /* SceneDelegate.swift */ = {isa = PBXFileReference; lastKnownFileType = sourcecode.swift; path = SceneDelegate.swift; sourceTree = "<group>"; };
		8B1FF323240A5C4D00848063 /* HomeViewController.swift */ = {isa = PBXFileReference; lastKnownFileType = sourcecode.swift; path = HomeViewController.swift; sourceTree = "<group>"; };
		8B1FF326240A5C4D00848063 /* Base */ = {isa = PBXFileReference; lastKnownFileType = file.storyboard; name = Base; path = Base.lproj/Main.storyboard; sourceTree = "<group>"; };
		8B1FF328240A5C4F00848063 /* Assets.xcassets */ = {isa = PBXFileReference; lastKnownFileType = folder.assetcatalog; path = Assets.xcassets; sourceTree = "<group>"; };
		8B1FF32B240A5C4F00848063 /* Base */ = {isa = PBXFileReference; lastKnownFileType = file.storyboard; name = Base; path = Base.lproj/LaunchScreen.storyboard; sourceTree = "<group>"; };
		8B1FF32D240A5C4F00848063 /* Info.plist */ = {isa = PBXFileReference; lastKnownFileType = text.plist.xml; path = Info.plist; sourceTree = "<group>"; };
		8B1FF332240A5C4F00848063 /* NewsAppTests.xctest */ = {isa = PBXFileReference; explicitFileType = wrapper.cfbundle; includeInIndex = 0; path = NewsAppTests.xctest; sourceTree = BUILT_PRODUCTS_DIR; };
		8B1FF336240A5C4F00848063 /* NewsAppTests.swift */ = {isa = PBXFileReference; lastKnownFileType = sourcecode.swift; path = NewsAppTests.swift; sourceTree = "<group>"; };
		8B1FF338240A5C4F00848063 /* Info.plist */ = {isa = PBXFileReference; lastKnownFileType = text.plist.xml; path = Info.plist; sourceTree = "<group>"; };
		8B1FF349240A6BD200848063 /* Reachability.swift */ = {isa = PBXFileReference; lastKnownFileType = sourcecode.swift; path = Reachability.swift; sourceTree = "<group>"; };
		8B1FF34B240A6CE500848063 /* HomeViewController + TableView.swift */ = {isa = PBXFileReference; lastKnownFileType = sourcecode.swift; path = "HomeViewController + TableView.swift"; sourceTree = "<group>"; };
		8B1FF34D240A6D2A00848063 /* ArticleDetailViewController.swift */ = {isa = PBXFileReference; lastKnownFileType = sourcecode.swift; path = ArticleDetailViewController.swift; sourceTree = "<group>"; };
		8B1FF350240A6E1500848063 /* ServiceApi.swift */ = {isa = PBXFileReference; lastKnownFileType = sourcecode.swift; path = ServiceApi.swift; sourceTree = "<group>"; };
		8B1FF353240A6EF800848063 /* ArticleTableViewCell.xib */ = {isa = PBXFileReference; fileEncoding = 4; lastKnownFileType = file.xib; path = ArticleTableViewCell.xib; sourceTree = "<group>"; };
		8B1FF355240A6F0B00848063 /* ArticleTableViewCell.swift */ = {isa = PBXFileReference; fileEncoding = 4; lastKnownFileType = sourcecode.swift; path = ArticleTableViewCell.swift; sourceTree = "<group>"; };
		8B1FF357240A6F5800848063 /* UIView + Extension.swift */ = {isa = PBXFileReference; lastKnownFileType = sourcecode.swift; path = "UIView + Extension.swift"; sourceTree = "<group>"; };
		8B1FF359240A6FD500848063 /* NYArticleModel.swift */ = {isa = PBXFileReference; fileEncoding = 4; lastKnownFileType = sourcecode.swift; path = NYArticleModel.swift; sourceTree = "<group>"; };
		8B1FF35C240A705E00848063 /* NetworkManager.swift */ = {isa = PBXFileReference; fileEncoding = 4; lastKnownFileType = sourcecode.swift; path = NetworkManager.swift; sourceTree = "<group>"; };
		8B1FF35E240A71A000848063 /* ArticleModelView.swift */ = {isa = PBXFileReference; fileEncoding = 4; lastKnownFileType = sourcecode.swift; path = ArticleModelView.swift; sourceTree = "<group>"; };
		8B1FF360240A71C900848063 /* HomeModelView.swift */ = {isa = PBXFileReference; fileEncoding = 4; lastKnownFileType = sourcecode.swift; path = HomeModelView.swift; sourceTree = "<group>"; };
		8B1FF362240A751A00848063 /* ProgressHud.swift */ = {isa = PBXFileReference; lastKnownFileType = sourcecode.swift; path = ProgressHud.swift; sourceTree = "<group>"; };
		8B1FF36E240AEE0E00848063 /* Articles.json */ = {isa = PBXFileReference; fileEncoding = 4; lastKnownFileType = text.json; path = Articles.json; sourceTree = "<group>"; };
		8B1FF372240B58C000848063 /* Article.json */ = {isa = PBXFileReference; fileEncoding = 4; lastKnownFileType = text.json; path = Article.json; sourceTree = "<group>"; };
		8B1FF374240B593500848063 /* HomeModelViewTest.swift */ = {isa = PBXFileReference; lastKnownFileType = sourcecode.swift; path = HomeModelViewTest.swift; sourceTree = "<group>"; };
		8B1FF376240B5A5600848063 /* ArticleModelViewTest.swift */ = {isa = PBXFileReference; lastKnownFileType = sourcecode.swift; path = ArticleModelViewTest.swift; sourceTree = "<group>"; };
		8B1FF378240B70BE00848063 /* HomeViewControllerTest.swift */ = {isa = PBXFileReference; lastKnownFileType = sourcecode.swift; path = HomeViewControllerTest.swift; sourceTree = "<group>"; };
		8B1FF37A240B86DA00848063 /* ArticleDetailViewCntrTest.swift */ = {isa = PBXFileReference; lastKnownFileType = sourcecode.swift; path = ArticleDetailViewCntrTest.swift; sourceTree = "<group>"; };
		CC3CF08506235941F5B976C9 /* Pods-NewsAppTests.debug.xcconfig */ = {isa = PBXFileReference; includeInIndex = 1; lastKnownFileType = text.xcconfig; name = "Pods-NewsAppTests.debug.xcconfig"; path = "Target Support Files/Pods-NewsAppTests/Pods-NewsAppTests.debug.xcconfig"; sourceTree = "<group>"; };
		D0D4383529AB893C7AE0B532 /* Pods-NewsApp.release.xcconfig */ = {isa = PBXFileReference; includeInIndex = 1; lastKnownFileType = text.xcconfig; name = "Pods-NewsApp.release.xcconfig"; path = "Target Support Files/Pods-NewsApp/Pods-NewsApp.release.xcconfig"; sourceTree = "<group>"; };
/* End PBXFileReference section */

/* Begin PBXFrameworksBuildPhase section */
		8B1FF319240A5C4D00848063 /* Frameworks */ = {
			isa = PBXFrameworksBuildPhase;
			buildActionMask = 2147483647;
			files = (
				FA93BBBFFBE643DA5EC6E2FF /* Pods_NewsApp.framework in Frameworks */,
			);
			runOnlyForDeploymentPostprocessing = 0;
		};
		8B1FF32F240A5C4F00848063 /* Frameworks */ = {
			isa = PBXFrameworksBuildPhase;
			buildActionMask = 2147483647;
			files = (
				8C9340AFD3B6822951BDF46F /* Pods_NewsAppTests.framework in Frameworks */,
			);
			runOnlyForDeploymentPostprocessing = 0;
		};
/* End PBXFrameworksBuildPhase section */

/* Begin PBXGroup section */
		786D0E77B3FE5404A4DD2ABF /* Frameworks */ = {
			isa = PBXGroup;
			children = (
				37917E35662DDCDC8DBFD13E /* Pods_NewsApp.framework */,
				6226AD106AD2D09393BCEF14 /* Pods_NewsAppTests.framework */,
			);
			name = Frameworks;
			sourceTree = "<group>";
		};
		8B1FF313240A5C4D00848063 = {
			isa = PBXGroup;
			children = (
				8B1FF31E240A5C4D00848063 /* NewsApp */,
				8B1FF335240A5C4F00848063 /* NewsAppTests */,
				8B1FF31D240A5C4D00848063 /* Products */,
				F4DC591D691EA43D3D0DB154 /* Pods */,
				786D0E77B3FE5404A4DD2ABF /* Frameworks */,
			);
			sourceTree = "<group>";
		};
		8B1FF31D240A5C4D00848063 /* Products */ = {
			isa = PBXGroup;
			children = (
				8B1FF31C240A5C4D00848063 /* NewsApp.app */,
				8B1FF332240A5C4F00848063 /* NewsAppTests.xctest */,
			);
			name = Products;
			sourceTree = "<group>";
		};
		8B1FF31E240A5C4D00848063 /* NewsApp */ = {
			isa = PBXGroup;
			children = (
				8B1FF341240A681800848063 /* Delegate */,
				8B1FF345240A686A00848063 /* Controller */,
				8B1FF342240A681800848063 /* Model */,
				8B1FF344240A681800848063 /* ModelView */,
				8B1FF343240A681800848063 /* View */,
				8B1FF35B240A704F00848063 /* APICALL */,
				8B1FF348240A69F500848063 /* SupportingFile */,
				8B1FF328240A5C4F00848063 /* Assets.xcassets */,
				8B1FF32A240A5C4F00848063 /* LaunchScreen.storyboard */,
				8B1FF32D240A5C4F00848063 /* Info.plist */,
			);
			path = NewsApp;
			sourceTree = "<group>";
		};
		8B1FF335240A5C4F00848063 /* NewsAppTests */ = {
			isa = PBXGroup;
			children = (
				8B1FF372240B58C000848063 /* Article.json */,
				8B1FF36E240AEE0E00848063 /* Articles.json */,
				8B1FF336240A5C4F00848063 /* NewsAppTests.swift */,
				8B1FF338240A5C4F00848063 /* Info.plist */,
				8B1FF374240B593500848063 /* HomeModelViewTest.swift */,
				8B1FF376240B5A5600848063 /* ArticleModelViewTest.swift */,
				8B1FF378240B70BE00848063 /* HomeViewControllerTest.swift */,
				8B1FF37A240B86DA00848063 /* ArticleDetailViewCntrTest.swift */,
			);
			path = NewsAppTests;
			sourceTree = "<group>";
		};
		8B1FF341240A681800848063 /* Delegate */ = {
			isa = PBXGroup;
			children = (
				8B1FF31F240A5C4D00848063 /* AppDelegate.swift */,
				8B1FF321240A5C4D00848063 /* SceneDelegate.swift */,
			);
			path = Delegate;
			sourceTree = "<group>";
		};
		8B1FF342240A681800848063 /* Model */ = {
			isa = PBXGroup;
			children = (
				8B1FF359240A6FD500848063 /* NYArticleModel.swift */,
			);
			path = Model;
			sourceTree = "<group>";
		};
		8B1FF343240A681800848063 /* View */ = {
			isa = PBXGroup;
			children = (
				8B1FF347240A69C400848063 /* TableViewCell */,
				8B1FF346240A69A900848063 /* StoryBoard */,
			);
			path = View;
			sourceTree = "<group>";
		};
		8B1FF344240A681800848063 /* ModelView */ = {
			isa = PBXGroup;
			children = (
				8B1FF35E240A71A000848063 /* ArticleModelView.swift */,
				8B1FF360240A71C900848063 /* HomeModelView.swift */,
			);
			path = ModelView;
			sourceTree = "<group>";
		};
		8B1FF345240A686A00848063 /* Controller */ = {
			isa = PBXGroup;
			children = (
				8B1FF323240A5C4D00848063 /* HomeViewController.swift */,
				8B1FF34B240A6CE500848063 /* HomeViewController + TableView.swift */,
				8B1FF34D240A6D2A00848063 /* ArticleDetailViewController.swift */,
			);
			path = Controller;
			sourceTree = "<group>";
		};
		8B1FF346240A69A900848063 /* StoryBoard */ = {
			isa = PBXGroup;
			children = (
				8B1FF325240A5C4D00848063 /* Main.storyboard */,
			);
			path = StoryBoard;
			sourceTree = "<group>";
		};
		8B1FF347240A69C400848063 /* TableViewCell */ = {
			isa = PBXGroup;
			children = (
				8B1FF355240A6F0B00848063 /* ArticleTableViewCell.swift */,
				8B1FF353240A6EF800848063 /* ArticleTableViewCell.xib */,
			);
			path = TableViewCell;
			sourceTree = "<group>";
		};
		8B1FF348240A69F500848063 /* SupportingFile */ = {
			isa = PBXGroup;
			children = (
				8B1FF352240A6E3900848063 /* Reachability */,
				8B1FF34F240A6DDB00848063 /* URL */,
				8B1FF357240A6F5800848063 /* UIView + Extension.swift */,
				8B1FF362240A751A00848063 /* ProgressHud.swift */,
			);
			path = SupportingFile;
			sourceTree = "<group>";
		};
		8B1FF34F240A6DDB00848063 /* URL */ = {
			isa = PBXGroup;
			children = (
				8B1FF350240A6E1500848063 /* ServiceApi.swift */,
			);
			path = URL;
			sourceTree = "<group>";
		};
		8B1FF352240A6E3900848063 /* Reachability */ = {
			isa = PBXGroup;
			children = (
				8B1FF349240A6BD200848063 /* Reachability.swift */,
			);
			path = Reachability;
			sourceTree = "<group>";
		};
		8B1FF35B240A704F00848063 /* APICALL */ = {
			isa = PBXGroup;
			children = (
				8B1FF35C240A705E00848063 /* NetworkManager.swift */,
			);
			path = APICALL;
			sourceTree = "<group>";
		};
		F4DC591D691EA43D3D0DB154 /* Pods */ = {
			isa = PBXGroup;
			children = (
				880C5681ED55D875A1300148 /* Pods-NewsApp.debug.xcconfig */,
				D0D4383529AB893C7AE0B532 /* Pods-NewsApp.release.xcconfig */,
				CC3CF08506235941F5B976C9 /* Pods-NewsAppTests.debug.xcconfig */,
				00FD2CFFAB440AA588C72CF7 /* Pods-NewsAppTests.release.xcconfig */,
			);
			path = Pods;
			sourceTree = "<group>";
		};
/* End PBXGroup section */

/* Begin PBXNativeTarget section */
		8B1FF31B240A5C4D00848063 /* NewsApp */ = {
			isa = PBXNativeTarget;
			buildConfigurationList = 8B1FF33B240A5C4F00848063 /* Build configuration list for PBXNativeTarget "NewsApp" */;
			buildPhases = (
				9129B215F95352D28399F746 /* [CP] Check Pods Manifest.lock */,
				8B1FF318240A5C4D00848063 /* Sources */,
				8B1FF319240A5C4D00848063 /* Frameworks */,
				8B1FF31A240A5C4D00848063 /* Resources */,
				87037492DF21023DC0197027 /* [CP] Embed Pods Frameworks */,
			);
			buildRules = (
			);
			dependencies = (
			);
			name = NewsApp;
			productName = NewsApp;
			productReference = 8B1FF31C240A5C4D00848063 /* NewsApp.app */;
			productType = "com.apple.product-type.application";
		};
		8B1FF331240A5C4F00848063 /* NewsAppTests */ = {
			isa = PBXNativeTarget;
			buildConfigurationList = 8B1FF33E240A5C4F00848063 /* Build configuration list for PBXNativeTarget "NewsAppTests" */;
			buildPhases = (
				7A3372FE07C4665464CF863F /* [CP] Check Pods Manifest.lock */,
				8B1FF32E240A5C4F00848063 /* Sources */,
				8B1FF32F240A5C4F00848063 /* Frameworks */,
				8B1FF330240A5C4F00848063 /* Resources */,
			);
			buildRules = (
			);
			dependencies = (
				8B1FF334240A5C4F00848063 /* PBXTargetDependency */,
			);
			name = NewsAppTests;
			productName = NewsAppTests;
			productReference = 8B1FF332240A5C4F00848063 /* NewsAppTests.xctest */;
			productType = "com.apple.product-type.bundle.unit-test";
		};
/* End PBXNativeTarget section */

/* Begin PBXProject section */
		8B1FF314240A5C4D00848063 /* Project object */ = {
			isa = PBXProject;
			attributes = {
				LastSwiftUpdateCheck = 1130;
				LastUpgradeCheck = 1130;
				ORGANIZATIONNAME = "Toyaj Nigam";
				TargetAttributes = {
					8B1FF31B240A5C4D00848063 = {
						CreatedOnToolsVersion = 11.3.1;
					};
					8B1FF331240A5C4F00848063 = {
						CreatedOnToolsVersion = 11.3.1;
						TestTargetID = 8B1FF31B240A5C4D00848063;
					};
				};
			};
			buildConfigurationList = 8B1FF317240A5C4D00848063 /* Build configuration list for PBXProject "NewsApp" */;
			compatibilityVersion = "Xcode 9.3";
			developmentRegion = en;
			hasScannedForEncodings = 0;
			knownRegions = (
				en,
				Base,
			);
			mainGroup = 8B1FF313240A5C4D00848063;
			productRefGroup = 8B1FF31D240A5C4D00848063 /* Products */;
			projectDirPath = "";
			projectRoot = "";
			targets = (
				8B1FF31B240A5C4D00848063 /* NewsApp */,
				8B1FF331240A5C4F00848063 /* NewsAppTests */,
			);
		};
/* End PBXProject section */

/* Begin PBXResourcesBuildPhase section */
		8B1FF31A240A5C4D00848063 /* Resources */ = {
			isa = PBXResourcesBuildPhase;
			buildActionMask = 2147483647;
			files = (
				8B1FF354240A6EF800848063 /* ArticleTableViewCell.xib in Resources */,
				8B1FF32C240A5C4F00848063 /* LaunchScreen.storyboard in Resources */,
				8B1FF329240A5C4F00848063 /* Assets.xcassets in Resources */,
				8B1FF327240A5C4D00848063 /* Main.storyboard in Resources */,
			);
			runOnlyForDeploymentPostprocessing = 0;
		};
		8B1FF330240A5C4F00848063 /* Resources */ = {
			isa = PBXResourcesBuildPhase;
			buildActionMask = 2147483647;
			files = (
				8B1FF373240B58C000848063 /* Article.json in Resources */,
				8B1FF36F240AEE0E00848063 /* Articles.json in Resources */,
			);
			runOnlyForDeploymentPostprocessing = 0;
		};
/* End PBXResourcesBuildPhase section */

/* Begin PBXShellScriptBuildPhase section */
		7A3372FE07C4665464CF863F /* [CP] Check Pods Manifest.lock */ = {
			isa = PBXShellScriptBuildPhase;
			buildActionMask = 2147483647;
			files = (
			);
			inputFileListPaths = (
			);
			inputPaths = (
				"${PODS_PODFILE_DIR_PATH}/Podfile.lock",
				"${PODS_ROOT}/Manifest.lock",
			);
			name = "[CP] Check Pods Manifest.lock";
			outputFileListPaths = (
			);
			outputPaths = (
				"$(DERIVED_FILE_DIR)/Pods-NewsAppTests-checkManifestLockResult.txt",
			);
			runOnlyForDeploymentPostprocessing = 0;
			shellPath = /bin/sh;
			shellScript = "diff \"${PODS_PODFILE_DIR_PATH}/Podfile.lock\" \"${PODS_ROOT}/Manifest.lock\" > /dev/null\nif [ $? != 0 ] ; then\n    # print error to STDERR\n    echo \"error: The sandbox is not in sync with the Podfile.lock. Run 'pod install' or update your CocoaPods installation.\" >&2\n    exit 1\nfi\n# This output is used by Xcode 'outputs' to avoid re-running this script phase.\necho \"SUCCESS\" > \"${SCRIPT_OUTPUT_FILE_0}\"\n";
			showEnvVarsInLog = 0;
		};
		87037492DF21023DC0197027 /* [CP] Embed Pods Frameworks */ = {
			isa = PBXShellScriptBuildPhase;
			buildActionMask = 2147483647;
			files = (
			);
			inputFileListPaths = (
				"${PODS_ROOT}/Target Support Files/Pods-NewsApp/Pods-NewsApp-frameworks-${CONFIGURATION}-input-files.xcfilelist",
			);
			name = "[CP] Embed Pods Frameworks";
			outputFileListPaths = (
				"${PODS_ROOT}/Target Support Files/Pods-NewsApp/Pods-NewsApp-frameworks-${CONFIGURATION}-output-files.xcfilelist",
			);
			runOnlyForDeploymentPostprocessing = 0;
			shellPath = /bin/sh;
			shellScript = "\"${PODS_ROOT}/Target Support Files/Pods-NewsApp/Pods-NewsApp-frameworks.sh\"\n";
			showEnvVarsInLog = 0;
		};
		9129B215F95352D28399F746 /* [CP] Check Pods Manifest.lock */ = {
			isa = PBXShellScriptBuildPhase;
			buildActionMask = 2147483647;
			files = (
			);
			inputFileListPaths = (
			);
			inputPaths = (
				"${PODS_PODFILE_DIR_PATH}/Podfile.lock",
				"${PODS_ROOT}/Manifest.lock",
			);
			name = "[CP] Check Pods Manifest.lock";
			outputFileListPaths = (
			);
			outputPaths = (
				"$(DERIVED_FILE_DIR)/Pods-NewsApp-checkManifestLockResult.txt",
			);
			runOnlyForDeploymentPostprocessing = 0;
			shellPath = /bin/sh;
			shellScript = "diff \"${PODS_PODFILE_DIR_PATH}/Podfile.lock\" \"${PODS_ROOT}/Manifest.lock\" > /dev/null\nif [ $? != 0 ] ; then\n    # print error to STDERR\n    echo \"error: The sandbox is not in sync with the Podfile.lock. Run 'pod install' or update your CocoaPods installation.\" >&2\n    exit 1\nfi\n# This output is used by Xcode 'outputs' to avoid re-running this script phase.\necho \"SUCCESS\" > \"${SCRIPT_OUTPUT_FILE_0}\"\n";
			showEnvVarsInLog = 0;
		};
/* End PBXShellScriptBuildPhase section */

/* Begin PBXSourcesBuildPhase section */
		8B1FF318240A5C4D00848063 /* Sources */ = {
			isa = PBXSourcesBuildPhase;
			buildActionMask = 2147483647;
			files = (
				8B1FF324240A5C4D00848063 /* HomeViewController.swift in Sources */,
				8B1FF35A240A6FD500848063 /* NYArticleModel.swift in Sources */,
				8B1FF320240A5C4D00848063 /* AppDelegate.swift in Sources */,
				8B1FF351240A6E1500848063 /* ServiceApi.swift in Sources */,
				8B1FF35D240A705E00848063 /* NetworkManager.swift in Sources */,
				8B1FF361240A71C900848063 /* HomeModelView.swift in Sources */,
				8B1FF363240A751A00848063 /* ProgressHud.swift in Sources */,
				8B1FF34E240A6D2A00848063 /* ArticleDetailViewController.swift in Sources */,
				8B1FF356240A6F0B00848063 /* ArticleTableViewCell.swift in Sources */,
				8B1FF34C240A6CE500848063 /* HomeViewController + TableView.swift in Sources */,
				8B1FF34A240A6BD200848063 /* Reachability.swift in Sources */,
				8B1FF35F240A71A000848063 /* ArticleModelView.swift in Sources */,
				8B1FF322240A5C4D00848063 /* SceneDelegate.swift in Sources */,
				8B1FF358240A6F5800848063 /* UIView + Extension.swift in Sources */,
			);
			runOnlyForDeploymentPostprocessing = 0;
		};
		8B1FF32E240A5C4F00848063 /* Sources */ = {
			isa = PBXSourcesBuildPhase;
			buildActionMask = 2147483647;
			files = (
				8B1FF377240B5A5600848063 /* ArticleModelViewTest.swift in Sources */,
				8B1FF337240A5C4F00848063 /* NewsAppTests.swift in Sources */,
				8B1FF375240B593500848063 /* HomeModelViewTest.swift in Sources */,
				8B1FF37B240B86DB00848063 /* ArticleDetailViewCntrTest.swift in Sources */,
				8B1FF379240B70BE00848063 /* HomeViewControllerTest.swift in Sources */,
			);
			runOnlyForDeploymentPostprocessing = 0;
		};
/* End PBXSourcesBuildPhase section */

/* Begin PBXTargetDependency section */
		8B1FF334240A5C4F00848063 /* PBXTargetDependency */ = {
			isa = PBXTargetDependency;
			target = 8B1FF31B240A5C4D00848063 /* NewsApp */;
			targetProxy = 8B1FF333240A5C4F00848063 /* PBXContainerItemProxy */;
		};
/* End PBXTargetDependency section */

/* Begin PBXVariantGroup section */
		8B1FF325240A5C4D00848063 /* Main.storyboard */ = {
			isa = PBXVariantGroup;
			children = (
				8B1FF326240A5C4D00848063 /* Base */,
			);
			name = Main.storyboard;
			sourceTree = "<group>";
		};
		8B1FF32A240A5C4F00848063 /* LaunchScreen.storyboard */ = {
			isa = PBXVariantGroup;
			children = (
				8B1FF32B240A5C4F00848063 /* Base */,
			);
			name = LaunchScreen.storyboard;
			sourceTree = "<group>";
		};
/* End PBXVariantGroup section */

/* Begin XCBuildConfiguration section */
		8B1FF339240A5C4F00848063 /* Debug */ = {
			isa = XCBuildConfiguration;
			buildSettings = {
				ALWAYS_SEARCH_USER_PATHS = NO;
				CLANG_ANALYZER_NONNULL = YES;
				CLANG_ANALYZER_NUMBER_OBJECT_CONVERSION = YES_AGGRESSIVE;
				CLANG_CXX_LANGUAGE_STANDARD = "gnu++14";
				CLANG_CXX_LIBRARY = "libc++";
				CLANG_ENABLE_MODULES = YES;
				CLANG_ENABLE_OBJC_ARC = YES;
				CLANG_ENABLE_OBJC_WEAK = YES;
				CLANG_WARN_BLOCK_CAPTURE_AUTORELEASING = YES;
				CLANG_WARN_BOOL_CONVERSION = YES;
				CLANG_WARN_COMMA = YES;
				CLANG_WARN_CONSTANT_CONVERSION = YES;
				CLANG_WARN_DEPRECATED_OBJC_IMPLEMENTATIONS = YES;
				CLANG_WARN_DIRECT_OBJC_ISA_USAGE = YES_ERROR;
				CLANG_WARN_DOCUMENTATION_COMMENTS = YES;
				CLANG_WARN_EMPTY_BODY = YES;
				CLANG_WARN_ENUM_CONVERSION = YES;
				CLANG_WARN_INFINITE_RECURSION = YES;
				CLANG_WARN_INT_CONVERSION = YES;
				CLANG_WARN_NON_LITERAL_NULL_CONVERSION = YES;
				CLANG_WARN_OBJC_IMPLICIT_RETAIN_SELF = YES;
				CLANG_WARN_OBJC_LITERAL_CONVERSION = YES;
				CLANG_WARN_OBJC_ROOT_CLASS = YES_ERROR;
				CLANG_WARN_RANGE_LOOP_ANALYSIS = YES;
				CLANG_WARN_STRICT_PROTOTYPES = YES;
				CLANG_WARN_SUSPICIOUS_MOVE = YES;
				CLANG_WARN_UNGUARDED_AVAILABILITY = YES_AGGRESSIVE;
				CLANG_WARN_UNREACHABLE_CODE = YES;
				CLANG_WARN__DUPLICATE_METHOD_MATCH = YES;
				COPY_PHASE_STRIP = NO;
				DEBUG_INFORMATION_FORMAT = dwarf;
				ENABLE_STRICT_OBJC_MSGSEND = YES;
				ENABLE_TESTABILITY = YES;
				GCC_C_LANGUAGE_STANDARD = gnu11;
				GCC_DYNAMIC_NO_PIC = NO;
				GCC_NO_COMMON_BLOCKS = YES;
				GCC_OPTIMIZATION_LEVEL = 0;
				GCC_PREPROCESSOR_DEFINITIONS = (
					"DEBUG=1",
					"$(inherited)",
				);
				GCC_WARN_64_TO_32_BIT_CONVERSION = YES;
				GCC_WARN_ABOUT_RETURN_TYPE = YES_ERROR;
				GCC_WARN_UNDECLARED_SELECTOR = YES;
				GCC_WARN_UNINITIALIZED_AUTOS = YES_AGGRESSIVE;
				GCC_WARN_UNUSED_FUNCTION = YES;
				GCC_WARN_UNUSED_VARIABLE = YES;
				IPHONEOS_DEPLOYMENT_TARGET = 13.2;
				MTL_ENABLE_DEBUG_INFO = INCLUDE_SOURCE;
				MTL_FAST_MATH = YES;
				ONLY_ACTIVE_ARCH = YES;
				SDKROOT = iphoneos;
				SWIFT_ACTIVE_COMPILATION_CONDITIONS = DEBUG;
				SWIFT_OPTIMIZATION_LEVEL = "-Onone";
			};
			name = Debug;
		};
		8B1FF33A240A5C4F00848063 /* Release */ = {
			isa = XCBuildConfiguration;
			buildSettings = {
				ALWAYS_SEARCH_USER_PATHS = NO;
				CLANG_ANALYZER_NONNULL = YES;
				CLANG_ANALYZER_NUMBER_OBJECT_CONVERSION = YES_AGGRESSIVE;
				CLANG_CXX_LANGUAGE_STANDARD = "gnu++14";
				CLANG_CXX_LIBRARY = "libc++";
				CLANG_ENABLE_MODULES = YES;
				CLANG_ENABLE_OBJC_ARC = YES;
				CLANG_ENABLE_OBJC_WEAK = YES;
				CLANG_WARN_BLOCK_CAPTURE_AUTORELEASING = YES;
				CLANG_WARN_BOOL_CONVERSION = YES;
				CLANG_WARN_COMMA = YES;
				CLANG_WARN_CONSTANT_CONVERSION = YES;
				CLANG_WARN_DEPRECATED_OBJC_IMPLEMENTATIONS = YES;
				CLANG_WARN_DIRECT_OBJC_ISA_USAGE = YES_ERROR;
				CLANG_WARN_DOCUMENTATION_COMMENTS = YES;
				CLANG_WARN_EMPTY_BODY = YES;
				CLANG_WARN_ENUM_CONVERSION = YES;
				CLANG_WARN_INFINITE_RECURSION = YES;
				CLANG_WARN_INT_CONVERSION = YES;
				CLANG_WARN_NON_LITERAL_NULL_CONVERSION = YES;
				CLANG_WARN_OBJC_IMPLICIT_RETAIN_SELF = YES;
				CLANG_WARN_OBJC_LITERAL_CONVERSION = YES;
				CLANG_WARN_OBJC_ROOT_CLASS = YES_ERROR;
				CLANG_WARN_RANGE_LOOP_ANALYSIS = YES;
				CLANG_WARN_STRICT_PROTOTYPES = YES;
				CLANG_WARN_SUSPICIOUS_MOVE = YES;
				CLANG_WARN_UNGUARDED_AVAILABILITY = YES_AGGRESSIVE;
				CLANG_WARN_UNREACHABLE_CODE = YES;
				CLANG_WARN__DUPLICATE_METHOD_MATCH = YES;
				COPY_PHASE_STRIP = NO;
				DEBUG_INFORMATION_FORMAT = "dwarf-with-dsym";
				ENABLE_NS_ASSERTIONS = NO;
				ENABLE_STRICT_OBJC_MSGSEND = YES;
				GCC_C_LANGUAGE_STANDARD = gnu11;
				GCC_NO_COMMON_BLOCKS = YES;
				GCC_WARN_64_TO_32_BIT_CONVERSION = YES;
				GCC_WARN_ABOUT_RETURN_TYPE = YES_ERROR;
				GCC_WARN_UNDECLARED_SELECTOR = YES;
				GCC_WARN_UNINITIALIZED_AUTOS = YES_AGGRESSIVE;
				GCC_WARN_UNUSED_FUNCTION = YES;
				GCC_WARN_UNUSED_VARIABLE = YES;
				IPHONEOS_DEPLOYMENT_TARGET = 13.2;
				MTL_ENABLE_DEBUG_INFO = NO;
				MTL_FAST_MATH = YES;
				SDKROOT = iphoneos;
				SWIFT_COMPILATION_MODE = wholemodule;
				SWIFT_OPTIMIZATION_LEVEL = "-O";
				VALIDATE_PRODUCT = YES;
			};
			name = Release;
		};
		8B1FF33C240A5C4F00848063 /* Debug */ = {
			isa = XCBuildConfiguration;
			baseConfigurationReference = 880C5681ED55D875A1300148 /* Pods-NewsApp.debug.xcconfig */;
			buildSettings = {
				ASSETCATALOG_COMPILER_APPICON_NAME = AppIcon;
				CODE_SIGN_STYLE = Automatic;
				INFOPLIST_FILE = NewsApp/Info.plist;
				LD_RUNPATH_SEARCH_PATHS = (
					"$(inherited)",
					"@executable_path/Frameworks",
				);
				PRODUCT_BUNDLE_IDENTIFIER = Toyaj.NewsApp;
				PRODUCT_NAME = "$(TARGET_NAME)";
				SWIFT_VERSION = 5.0;
				TARGETED_DEVICE_FAMILY = "1,2";
			};
			name = Debug;
		};
		8B1FF33D240A5C4F00848063 /* Release */ = {
			isa = XCBuildConfiguration;
			baseConfigurationReference = D0D4383529AB893C7AE0B532 /* Pods-NewsApp.release.xcconfig */;
			buildSettings = {
				ASSETCATALOG_COMPILER_APPICON_NAME = AppIcon;
				CODE_SIGN_STYLE = Automatic;
				INFOPLIST_FILE = NewsApp/Info.plist;
				LD_RUNPATH_SEARCH_PATHS = (
					"$(inherited)",
					"@executable_path/Frameworks",
				);
				PRODUCT_BUNDLE_IDENTIFIER = Toyaj.NewsApp;
				PRODUCT_NAME = "$(TARGET_NAME)";
				SWIFT_VERSION = 5.0;
				TARGETED_DEVICE_FAMILY = "1,2";
			};
			name = Release;
		};
		8B1FF33F240A5C4F00848063 /* Debug */ = {
			isa = XCBuildConfiguration;
			baseConfigurationReference = CC3CF08506235941F5B976C9 /* Pods-NewsAppTests.debug.xcconfig */;
			buildSettings = {
				ALWAYS_EMBED_SWIFT_STANDARD_LIBRARIES = YES;
				BUNDLE_LOADER = "$(TEST_HOST)";
				CODE_SIGN_STYLE = Automatic;
				INFOPLIST_FILE = NewsAppTests/Info.plist;
				IPHONEOS_DEPLOYMENT_TARGET = 13.2;
				LD_RUNPATH_SEARCH_PATHS = (
					"$(inherited)",
					"@executable_path/Frameworks",
					"@loader_path/Frameworks",
				);
				PRODUCT_BUNDLE_IDENTIFIER = Toyaj.NewsAppTests;
				PRODUCT_NAME = "$(TARGET_NAME)";
				SWIFT_VERSION = 5.0;
				TARGETED_DEVICE_FAMILY = "1,2";
				TEST_HOST = "$(BUILT_PRODUCTS_DIR)/NewsApp.app/NewsApp";
			};
			name = Debug;
		};
		8B1FF340240A5C4F00848063 /* Release */ = {
			isa = XCBuildConfiguration;
			baseConfigurationReference = 00FD2CFFAB440AA588C72CF7 /* Pods-NewsAppTests.release.xcconfig */;
			buildSettings = {
				ALWAYS_EMBED_SWIFT_STANDARD_LIBRARIES = YES;
				BUNDLE_LOADER = "$(TEST_HOST)";
				CODE_SIGN_STYLE = Automatic;
				INFOPLIST_FILE = NewsAppTests/Info.plist;
				IPHONEOS_DEPLOYMENT_TARGET = 13.2;
				LD_RUNPATH_SEARCH_PATHS = (
					"$(inherited)",
					"@executable_path/Frameworks",
					"@loader_path/Frameworks",
				);
				PRODUCT_BUNDLE_IDENTIFIER = Toyaj.NewsAppTests;
				PRODUCT_NAME = "$(TARGET_NAME)";
				SWIFT_VERSION = 5.0;
				TARGETED_DEVICE_FAMILY = "1,2";
				TEST_HOST = "$(BUILT_PRODUCTS_DIR)/NewsApp.app/NewsApp";
			};
			name = Release;
		};
/* End XCBuildConfiguration section */

/* Begin XCConfigurationList section */
		8B1FF317240A5C4D00848063 /* Build configuration list for PBXProject "NewsApp" */ = {
			isa = XCConfigurationList;
			buildConfigurations = (
				8B1FF339240A5C4F00848063 /* Debug */,
				8B1FF33A240A5C4F00848063 /* Release */,
			);
			defaultConfigurationIsVisible = 0;
			defaultConfigurationName = Release;
		};
		8B1FF33B240A5C4F00848063 /* Build configuration list for PBXNativeTarget "NewsApp" */ = {
			isa = XCConfigurationList;
			buildConfigurations = (
				8B1FF33C240A5C4F00848063 /* Debug */,
				8B1FF33D240A5C4F00848063 /* Release */,
			);
			defaultConfigurationIsVisible = 0;
			defaultConfigurationName = Release;
		};
		8B1FF33E240A5C4F00848063 /* Build configuration list for PBXNativeTarget "NewsAppTests" */ = {
			isa = XCConfigurationList;
			buildConfigurations = (
				8B1FF33F240A5C4F00848063 /* Debug */,
				8B1FF340240A5C4F00848063 /* Release */,
			);
			defaultConfigurationIsVisible = 0;
			defaultConfigurationName = Release;
		};
/* End XCConfigurationList section */
	};
	rootObject = 8B1FF314240A5C4D00848063 /* Project object */;
}
